{
  "version": 4,
  "terraform_version": "1.15.3",
  "serial": 12,
  "lineage": "5c6e802e-eb34-0a3a-062b-06f8d4f5b8f2",
  "outputs": {
    "nome_do_bucket": {
      "value": "fhe-cloud-chunks-90b21d10",
      "type": "string"
    }
  },
  "resources": [
    {
      "mode": "data",
      "type": "archive_file",
      "name": "lambda_zip",
      "provider": "provider[\"registry.terraform.io/hashicorp/archive\"]",
      "instances": [
        {
          "schema_version": 0,
          "attributes": {
            "exclude_symlink_directories": null,
            "excludes": null,
            "id": "6afaa0f8734ffdef8564241ca600a3852dde35e7",
            "output_base64sha256": "k4xYS1B6cyazZ7rvfaMY66+trGyXGghMlT9BQgA+CNQ=",
            "output_base64sha512": "8f4e6O9xnIk4i0UoONZHUAF7ckto69cGyIDJfBJLmz5B/8bWu1gTXAcFXgD2QoyFFnky30lEsXKqnlhP5Ym1Kw==",
            "output_file_mode": null,
            "output_md5": "0e005d6ab5b9c828c74b2299a4c73368",
            "output_path": "./lambda_function.zip",
            "output_sha": "6afaa0f8734ffdef8564241ca600a3852dde35e7",
            "output_sha256": "938c584b507a7326b367baef7da318ebafadac6c971a084c953f4142003e08d4",
            "output_sha512": "f1fe1ee8ef719c89388b452838d64750017b724b68ebd706c880c97c124b9b3e41ffc6d6bb58135c07055e00f6428c85167932df4944b172aa9e584fe589b52b",
            "output_size": 535,
            "source": [],
            "source_content": null,
            "source_content_filename": null,
            "source_dir": "./lambda_aggregator",
            "source_file": null,
            "type": "zip"
          },
          "sensitive_attributes": [],
          "identity_schema_version": 0
        }
      ]
    },
    {
      "mode": "managed",
      "type": "aws_iam_role",
      "name": "lambda_exec_role",
      "provider": "provider[\"registry.terraform.io/hashicorp/aws\"]",
      "instances": [
        {
          "schema_version": 0,
          "attributes": {
            "arn": "arn:aws:iam::285407030014:role/fhe_lambda_execution_role",
            "assume_role_policy": "{\"Statement\":[{\"Action\":\"sts:AssumeRole\",\"Effect\":\"Allow\",\"Principal\":{\"Service\":\"lambda.amazonaws.com\"}}],\"Version\":\"2012-10-17\"}",
            "create_date": "2026-05-20T14:33:01Z",
            "description": "",
            "force_detach_policies": false,
            "id": "fhe_lambda_execution_role",
            "inline_policy": [],
            "managed_policy_arns": [
              "arn:aws:iam::aws:policy/AWSLambdaExecute"
            ],
            "max_session_duration": 3600,
            "name": "fhe_lambda_execution_role",
            "name_prefix": "",
            "path": "/",
            "permissions_boundary": "",
            "tags": {},
            "tags_all": {},
            "unique_id": "AROAUE44VVL7KMXOBOAIN"
          },
          "sensitive_attributes": [],
          "identity_schema_version": 0,
          "private": "bnVsbA=="
        }
      ]
    },
    {
      "mode": "managed",
      "type": "aws_iam_role_policy_attachment",
      "name": "lambda_policy",
      "provider": "provider[\"registry.terraform.io/hashicorp/aws\"]",
      "instances": [
        {
          "schema_version": 0,
          "attributes": {
            "id": "fhe_lambda_execution_role-20260520143302583500000001",
            "policy_arn": "arn:aws:iam::aws:policy/AWSLambdaExecute",
            "role": "fhe_lambda_execution_role"
          },
          "sensitive_attributes": [],
          "identity_schema_version": 0,
          "private": "bnVsbA==",
          "dependencies": [
            "aws_iam_role.lambda_exec_role"
          ]
        }
      ]
    },
    {
      "mode": "managed",
      "type": "aws_lambda_function",
      "name": "fhe_aggregator",
      "provider": "provider[\"registry.terraform.io/hashicorp/aws\"]",
      "instances": [
        {
          "schema_version": 0,
          "attributes": {
            "architectures": [
              "x86_64"
            ],
            "arn": "arn:aws:lambda:eu-west-1:285407030014:function:fhe_chunk_aggregator",
            "code_sha256": "k4xYS1B6cyazZ7rvfaMY66+trGyXGghMlT9BQgA+CNQ=",
            "code_signing_config_arn": "",
            "dead_letter_config": [],
            "description": "",
            "environment": [],
            "ephemeral_storage": [
              {
                "size": 512
              }
            ],
            "file_system_config": [],
            "filename": "./lambda_function.zip",
            "function_name": "fhe_chunk_aggregator",
            "handler": "lambda_function.lambda_handler",
            "id": "fhe_chunk_aggregator",
            "image_config": [],
            "image_uri": "",
            "invoke_arn": "arn:aws:apigateway:eu-west-1:lambda:path/2015-03-31/functions/arn:aws:lambda:eu-west-1:285407030014:function:fhe_chunk_aggregator/invocations",
            "kms_key_arn": "",
            "last_modified": "2026-05-20T15:20:03.000+0000",
            "layers": [
              "arn:aws:lambda:eu-west-1:285407030014:layer:tenseal_numpy_layer:1"
            ],
            "logging_config": [
              {
                "application_log_level": "",
                "log_format": "Text",
                "log_group": "/aws/lambda/fhe_chunk_aggregator",
                "system_log_level": ""
              }
            ],
            "memory_size": 2048,
            "package_type": "Zip",
            "publish": false,
            "qualified_arn": "arn:aws:lambda:eu-west-1:285407030014:function:fhe_chunk_aggregator:$LATEST",
            "qualified_invoke_arn": "arn:aws:apigateway:eu-west-1:lambda:path/2015-03-31/functions/arn:aws:lambda:eu-west-1:285407030014:function:fhe_chunk_aggregator:$LATEST/invocations",
            "replace_security_groups_on_destroy": null,
            "replacement_security_group_ids": null,
            "reserved_concurrent_executions": -1,
            "role": "arn:aws:iam::285407030014:role/fhe_lambda_execution_role",
            "runtime": "python3.12",
            "s3_bucket": null,
            "s3_key": null,
            "s3_object_version": null,
            "signing_job_arn": "",
            "signing_profile_version_arn": "",
            "skip_destroy": false,
            "snap_start": [],
            "source_code_hash": "k4xYS1B6cyazZ7rvfaMY66+trGyXGghMlT9BQgA+CNQ=",
            "source_code_size": 535,
            "tags": {},
            "tags_all": {},
            "timeout": 180,
            "timeouts": null,
            "tracing_config": [
              {
                "mode": "PassThrough"
              }
            ],
            "version": "$LATEST",
            "vpc_config": []
          },
          "sensitive_attributes": [],
          "identity_schema_version": 0,
          "private": "eyJlMmJmYjczMC1lY2FhLTExZTYtOGY4OC0zNDM2M2JjN2M0YzAiOnsiY3JlYXRlIjo2MDAwMDAwMDAwMDAsImRlbGV0ZSI6NjAwMDAwMDAwMDAwLCJ1cGRhdGUiOjYwMDAwMDAwMDAwMH19",
          "dependencies": [
            "aws_iam_role.lambda_exec_role",
            "aws_lambda_layer_version.tenseal_layer",
            "data.archive_file.lambda_zip"
          ]
        }
      ]
    },
    {
      "mode": "managed",
      "type": "aws_lambda_layer_version",
      "name": "tenseal_layer",
      "provider": "provider[\"registry.terraform.io/hashicorp/aws\"]",
      "instances": [
        {
          "schema_version": 0,
          "attributes": {
            "arn": "arn:aws:lambda:eu-west-1:285407030014:layer:tenseal_numpy_layer:1",
            "code_sha256": "SZBxf/08qIOnLVN/ljlsiYqrW+bhG0z3iHLrwiLYekc=",
            "compatible_architectures": null,
            "compatible_runtimes": [
              "python3.12"
            ],
            "created_date": "2026-05-20T15:20:03.159+0000",
            "description": "Layer com TenSEAL e NumPy compilados para Amazon Linux",
            "filename": "./layer_build/tenseal_layer.zip",
            "id": "arn:aws:lambda:eu-west-1:285407030014:layer:tenseal_numpy_layer:1",
            "layer_arn": "arn:aws:lambda:eu-west-1:285407030014:layer:tenseal_numpy_layer",
            "layer_name": "tenseal_numpy_layer",
            "license_info": "",
            "s3_bucket": null,
            "s3_key": null,
            "s3_object_version": null,
            "signing_job_arn": "",
            "signing_profile_version_arn": "",
            "skip_destroy": false,
            "source_code_hash": "",
            "source_code_size": 25563973,
            "version": "1"
          },
          "sensitive_attributes": [],
          "identity_schema_version": 0,
          "private": "bnVsbA=="
        }
      ]
    },
    {
      "mode": "managed",
      "type": "aws_lambda_permission",
      "name": "allow_s3_to_call_lambda",
      "provider": "provider[\"registry.terraform.io/hashicorp/aws\"]",
      "instances": [
        {
          "schema_version": 0,
          "attributes": {
            "action": "lambda:InvokeFunction",
            "event_source_token": null,
            "function_name": "fhe_chunk_aggregator",
            "function_url_auth_type": null,
            "id": "AllowExecutionFromS3Bucket",
            "principal": "s3.amazonaws.com",
            "principal_org_id": null,
            "qualifier": "",
            "source_account": null,
            "source_arn": "arn:aws:s3:::fhe-cloud-chunks-90b21d10",
            "statement_id": "AllowExecutionFromS3Bucket",
            "statement_id_prefix": ""
          },
          "sensitive_attributes": [],
          "identity_schema_version": 0,
          "private": "bnVsbA==",
          "dependencies": [
            "aws_iam_role.lambda_exec_role",
            "aws_lambda_function.fhe_aggregator",
            "aws_lambda_layer_version.tenseal_layer",
            "aws_s3_bucket.fhe_chunks_bucket",
            "data.archive_file.lambda_zip",
            "random_id.bucket_suffix"
          ]
        }
      ]
    },
    {
      "mode": "managed",
      "type": "aws_s3_bucket",
      "name": "fhe_chunks_bucket",
      "provider": "provider[\"registry.terraform.io/hashicorp/aws\"]",
      "instances": [
        {
          "schema_version": 0,
          "attributes": {
            "acceleration_status": "",
            "acl": null,
            "arn": "arn:aws:s3:::fhe-cloud-chunks-90b21d10",
            "bucket": "fhe-cloud-chunks-90b21d10",
            "bucket_domain_name": "fhe-cloud-chunks-90b21d10.s3.amazonaws.com",
            "bucket_prefix": "",
            "bucket_regional_domain_name": "fhe-cloud-chunks-90b21d10.s3.eu-west-1.amazonaws.com",
            "cors_rule": [],
            "force_destroy": false,
            "grant": [
              {
                "id": "0382e1d0e214b6419d83002f6faf6385e7c173373a14d79edb891d441759a0fd",
                "permissions": [
                  "FULL_CONTROL"
                ],
                "type": "CanonicalUser",
                "uri": ""
              }
            ],
            "hosted_zone_id": "Z1BKCTXD74EZPE",
            "id": "fhe-cloud-chunks-90b21d10",
            "lifecycle_rule": [],
            "logging": [],
            "object_lock_configuration": [],
            "object_lock_enabled": false,
            "policy": "",
            "region": "eu-west-1",
            "replication_configuration": [],
            "request_payer": "BucketOwner",
            "server_side_encryption_configuration": [
              {
                "rule": [
                  {
                    "apply_server_side_encryption_by_default": [
                      {
                        "kms_master_key_id": "",
                        "sse_algorithm": "AES256"
                      }
                    ],
                    "bucket_key_enabled": false
                  }
                ]
              }
            ],
            "tags": {
              "Environment": "Tese-Mestrado",
              "Name": "Armazem de Fatias FHE",
              "Project": "Federated Learning"
            },
            "tags_all": {
              "Environment": "Tese-Mestrado",
              "Name": "Armazem de Fatias FHE",
              "Project": "Federated Learning"
            },
            "timeouts": null,
            "versioning": [
              {
                "enabled": false,
                "mfa_delete": false
              }
            ],
            "website": [],
            "website_domain": null,
            "website_endpoint": null
          },
          "sensitive_attributes": [],
          "identity_schema_version": 0,
          "private": "eyJlMmJmYjczMC1lY2FhLTExZTYtOGY4OC0zNDM2M2JjN2M0YzAiOnsiY3JlYXRlIjoxMjAwMDAwMDAwMDAwLCJkZWxldGUiOjM2MDAwMDAwMDAwMDAsInJlYWQiOjEyMDAwMDAwMDAwMDAsInVwZGF0ZSI6MTIwMDAwMDAwMDAwMH19",
          "dependencies": [
            "random_id.bucket_suffix"
          ]
        }
      ]
    },
    {
      "mode": "managed",
      "type": "aws_s3_bucket_notification",
      "name": "bucket_notification",
      "provider": "provider[\"registry.terraform.io/hashicorp/aws\"]",
      "instances": [
        {
          "schema_version": 0,
          "attributes": {
            "bucket": "fhe-cloud-chunks-90b21d10",
            "eventbridge": false,
            "id": "fhe-cloud-chunks-90b21d10",
            "lambda_function": [
              {
                "events": [
                  "s3:ObjectCreated:*"
                ],
                "filter_prefix": "",
                "filter_suffix": ".bytes",
                "id": "tf-s3-lambda-20260520143317523000000002",
                "lambda_function_arn": "arn:aws:lambda:eu-west-1:285407030014:function:fhe_chunk_aggregator"
              }
            ],
            "queue": [],
            "topic": []
          },
          "sensitive_attributes": [],
          "identity_schema_version": 0,
          "private": "bnVsbA==",
          "dependencies": [
            "aws_iam_role.lambda_exec_role",
            "aws_lambda_function.fhe_aggregator",
            "aws_lambda_layer_version.tenseal_layer",
            "aws_lambda_permission.allow_s3_to_call_lambda",
            "aws_s3_bucket.fhe_chunks_bucket",
            "data.archive_file.lambda_zip",
            "random_id.bucket_suffix"
          ]
        }
      ]
    },
    {
      "mode": "managed",
      "type": "random_id",
      "name": "bucket_suffix",
      "provider": "provider[\"registry.terraform.io/hashicorp/random\"]",
      "instances": [
        {
          "schema_version": 0,
          "attributes": {
            "b64_std": "kLIdEA==",
            "b64_url": "kLIdEA",
            "byte_length": 4,
            "dec": "2427591952",
            "hex": "90b21d10",
            "id": "kLIdEA",
            "keepers": null,
            "prefix": null
          },
          "sensitive_attributes": [],
          "identity_schema_version": 0
        }
      ]
    }
  ],
  "check_results": null
}
