{
  "version": 4,
  "terraform_version": "1.15.3",
  "serial": 3,
  "lineage": "5c6e802e-eb34-0a3a-062b-06f8d4f5b8f2",
  "outputs": {
    "nome_do_bucket": {
      "value": "fhe-cloud-chunks-90b21d10",
      "type": "string"
    }
  },
  "resources": [
    {
      "mode": "managed",
      "type": "aws_s3_bucket",
      "name": "fhe_chunks_bucket",
      "provider": "provider[\"registry.terraform.io/hashicorp/aws\"]",
      "instances": [
        {
          "schema_version": 0,
          "attributes": {
            "acceleration_status": "",
            "acl": null,
            "arn": "arn:aws:s3:::fhe-cloud-chunks-90b21d10",
            "bucket": "fhe-cloud-chunks-90b21d10",
            "bucket_domain_name": "fhe-cloud-chunks-90b21d10.s3.amazonaws.com",
            "bucket_prefix": "",
            "bucket_regional_domain_name": "fhe-cloud-chunks-90b21d10.s3.eu-west-1.amazonaws.com",
            "cors_rule": [],
            "force_destroy": false,
            "grant": [
              {
                "id": "0382e1d0e214b6419d83002f6faf6385e7c173373a14d79edb891d441759a0fd",
                "permissions": [
                  "FULL_CONTROL"
                ],
                "type": "CanonicalUser",
                "uri": ""
              }
            ],
            "hosted_zone_id": "Z1BKCTXD74EZPE",
            "id": "fhe-cloud-chunks-90b21d10",
            "lifecycle_rule": [],
            "logging": [],
            "object_lock_configuration": [],
            "object_lock_enabled": false,
            "policy": "",
            "region": "eu-west-1",
            "replication_configuration": [],
            "request_payer": "BucketOwner",
            "server_side_encryption_configuration": [
              {
                "rule": [
                  {
                    "apply_server_side_encryption_by_default": [
                      {
                        "kms_master_key_id": "",
                        "sse_algorithm": "AES256"
                      }
                    ],
                    "bucket_key_enabled": false
                  }
                ]
              }
            ],
            "tags": {
              "Environment": "Tese-Mestrado",
              "Name": "Armazem de Fatias FHE",
              "Project": "Federated Learning"
            },
            "tags_all": {
              "Environment": "Tese-Mestrado",
              "Name": "Armazem de Fatias FHE",
              "Project": "Federated Learning"
            },
            "timeouts": null,
            "versioning": [
              {
                "enabled": false,
                "mfa_delete": false
              }
            ],
            "website": [],
            "website_domain": null,
            "website_endpoint": null
          },
          "sensitive_attributes": [],
          "identity_schema_version": 0,
          "private": "eyJlMmJmYjczMC1lY2FhLTExZTYtOGY4OC0zNDM2M2JjN2M0YzAiOnsiY3JlYXRlIjoxMjAwMDAwMDAwMDAwLCJkZWxldGUiOjM2MDAwMDAwMDAwMDAsInJlYWQiOjEyMDAwMDAwMDAwMDAsInVwZGF0ZSI6MTIwMDAwMDAwMDAwMH19",
          "dependencies": [
            "random_id.bucket_suffix"
          ]
        }
      ]
    },
    {
      "mode": "managed",
      "type": "random_id",
      "name": "bucket_suffix",
      "provider": "provider[\"registry.terraform.io/hashicorp/random\"]",
      "instances": [
        {
          "schema_version": 0,
          "attributes": {
            "b64_std": "kLIdEA==",
            "b64_url": "kLIdEA",
            "byte_length": 4,
            "dec": "2427591952",
            "hex": "90b21d10",
            "id": "kLIdEA",
            "keepers": null,
            "prefix": null
          },
          "sensitive_attributes": [],
          "identity_schema_version": 0
        }
      ]
    }
  ],
  "check_results": null
}
